
Microsoft Visual Studio Solution File, Format Version 12.00
# Visual Studio 14
VisualStudioVersion = 14.0.24720.0
MinimumVisualStudioVersion = 10.0.40219.1
Project("{FAE04EC0-301F-11D3-BF4B-00C04F79EFBC}") = "CrarftedFood", "CrarftedFood\CrarftedFood.csproj", "{C969E075-52A5-468E-A853-EEFC961D371C}"
EndProject
Project("{FAE04EC0-301F-11D3-BF4B-00C04F79EFBC}") = "CrarftedFood.Tests", "CrarftedFood.Tests\CrarftedFood.Tests.csproj", "{DE48D564-D71B-4E46-BAE2-56D98864AEDF}"
EndProject
Project("{FAE04EC0-301F-11D3-BF4B-00C04F79EFBC}") = "Data", "Data\Data.csproj", "{71E7C771-86ED-4291-A767-F7F7401F3639}"
EndProject
Global
	GlobalSection(SolutionConfigurationPlatforms) = preSolution
		Debug|Any CPU = Debug|Any CPU
		Release|Any CPU = Release|Any CPU
	EndGlobalSection
	GlobalSection(ProjectConfigurationPlatforms) = postSolution
		{C969E075-52A5-468E-A853-EEFC961D371C}.Debug|Any CPU.ActiveCfg = Debug|Any CPU
		{C969E075-52A5-468E-A853-EEFC961D371C}.Debug|Any CPU.Build.0 = Debug|Any CPU
		{C969E075-52A5-468E-A853-EEFC961D371C}.Release|Any CPU.ActiveCfg = Release|Any CPU
		{C969E075-52A5-468E-A853-EEFC961D371C}.Release|Any CPU.Build.0 = Release|Any CPU
		{DE48D564-D71B-4E46-BAE2-56D98864AEDF}.Debug|Any CPU.ActiveCfg = Debug|Any CPU
		{DE48D564-D71B-4E46-BAE2-56D98864AEDF}.Debug|Any CPU.Build.0 = Debug|Any CPU
		{DE48D564-D71B-4E46-BAE2-56D98864AEDF}.Release|Any CPU.ActiveCfg = Release|Any CPU
		{DE48D564-D71B-4E46-BAE2-56D98864AEDF}.Release|Any CPU.Build.0 = Release|Any CPU
		{71E7C771-86ED-4291-A767-F7F7401F3639}.Debug|Any CPU.ActiveCfg = Debug|Any CPU
		{71E7C771-86ED-4291-A767-F7F7401F3639}.Debug|Any CPU.Build.0 = Debug|Any CPU
		{71E7C771-86ED-4291-A767-F7F7401F3639}.Release|Any CPU.ActiveCfg = Release|Any CPU
		{71E7C771-86ED-4291-A767-F7F7401F3639}.Release|Any CPU.Build.0 = Release|Any CPU
	EndGlobalSection
	GlobalSection(SolutionProperties) = preSolution
		HideSolutionNode = FALSE
	EndGlobalSection
EndGlobal
